
Microsoft Visual Studio Solution File, Format Version 12.00
# Visual Studio Version 16
VisualStudioVersion = 16.0.32630.194
MinimumVisualStudioVersion = 10.0.40219.1
Project("{2150E333-8FDC-42A3-9474-1A3956D46DE8}") = "Services", "Services", "{4FA13E08-C57C-4E93-B60F-35F8F4E232B7}"
EndProject
Project("{2150E333-8FDC-42A3-9474-1A3956D46DE8}") = "Catalog", "Catalog", "{D29AA001-5E33-4266-B747-A1E7691BC265}"
EndProject
Project("{FAE04EC0-301F-11D3-BF4B-00C04F79EFBC}") = "Catalog.API", "Services\Catalog\Catalog.API\Catalog.API.csproj", "{3247522C-C852-4BA5-85A5-1D25EBD12E03}"
EndProject
Global
	GlobalSection(SolutionConfigurationPlatforms) = preSolution
		Debug|Any CPU = Debug|Any CPU
		Release|Any CPU = Release|Any CPU
	EndGlobalSection
	GlobalSection(ProjectConfigurationPlatforms) = postSolution
		{3247522C-C852-4BA5-85A5-1D25EBD12E03}.Debug|Any CPU.ActiveCfg = Debug|Any CPU
		{3247522C-C852-4BA5-85A5-1D25EBD12E03}.Debug|Any CPU.Build.0 = Debug|Any CPU
		{3247522C-C852-4BA5-85A5-1D25EBD12E03}.Release|Any CPU.ActiveCfg = Release|Any CPU
		{3247522C-C852-4BA5-85A5-1D25EBD12E03}.Release|Any CPU.Build.0 = Release|Any CPU
	EndGlobalSection
	GlobalSection(SolutionProperties) = preSolution
		HideSolutionNode = FALSE
	EndGlobalSection
	GlobalSection(NestedProjects) = preSolution
		{D29AA001-5E33-4266-B747-A1E7691BC265} = {4FA13E08-C57C-4E93-B60F-35F8F4E232B7}
		{3247522C-C852-4BA5-85A5-1D25EBD12E03} = {D29AA001-5E33-4266-B747-A1E7691BC265}
	EndGlobalSection
	GlobalSection(ExtensibilityGlobals) = postSolution
		SolutionGuid = {E47A7308-F51A-4E25-8694-0893501B6405}
	EndGlobalSection
EndGlobal
